
Microsoft Visual Studio Solution File, Format Version 12.00
# Visual Studio Version 17
VisualStudioVersion = 17.3.32825.248
MinimumVisualStudioVersion = 10.0.40219.1
Project("{FAE04EC0-301F-11D3-BF4B-00C04F79EFBC}") = "Jenks.Web", "Jenks.Web\Jenks.Web.csproj", "{67FBDEAB-6F1F-475E-93BA-DC54AC738EF6}"
EndProject
Global
	GlobalSection(SolutionConfigurationPlatforms) = preSolution
		Debug|Any CPU = Debug|Any CPU
		Release|Any CPU = Release|Any CPU
	EndGlobalSection
	GlobalSection(ProjectConfigurationPlatforms) = postSolution
		{67FBDEAB-6F1F-475E-93BA-DC54AC738EF6}.Debug|Any CPU.ActiveCfg = Debug|Any CPU
		{67FBDEAB-6F1F-475E-93BA-DC54AC738EF6}.Debug|Any CPU.Build.0 = Debug|Any CPU
		{67FBDEAB-6F1F-475E-93BA-DC54AC738EF6}.Release|Any CPU.ActiveCfg = Release|Any CPU
		{67FBDEAB-6F1F-475E-93BA-DC54AC738EF6}.Release|Any CPU.Build.0 = Release|Any CPU
	EndGlobalSection
	GlobalSection(SolutionProperties) = preSolution
		HideSolutionNode = FALSE
	EndGlobalSection
	GlobalSection(ExtensibilityGlobals) = postSolution
		SolutionGuid = {FF8EED8A-1975-463A-ADA2-E52524341FC6}
	EndGlobalSection
EndGlobal
